{
  "name": "stylist-agent-deployment",
  "lockfileVersion": 3,
  "requires": true,
  "packages": {
    "": {
      "name": "stylist-agent-deployment",
      "dependencies": {
        "@zoowork-ai/sdk": "0.7.0"
      }
    },
    "node_modules/@zoowork-ai/sdk": {
      "version": "0.7.0",
      "resolved": "https://registry.npmjs.org/@zoowork-ai/sdk/-/sdk-0.7.0.tgz",
      "integrity": "sha512-EPK7xXpvtOzdbV91yHInRgCIHHcyHgp6/jrJj+eyrj+AvwL+hYFuofh7BJ8aa5twGoJzO/JgzQCulE1qy1SKHg==",
      "license": "MIT",
      "engines": {
        "node": ">=20"
      }
    }
  }
}
